// !$*UTF8*$!
{
	archiveVersion = 1;
	classes = {
	};
	objectVersion = 52;
	objects = {

/* Begin PBXBuildFile section */
		ED1C37F5269F2A9C00B4D9FF /* InvestimentCardInteractor.swift in Sources */ = {isa = PBXBuildFile; fileRef = ED1C37F4269F2A9C00B4D9FF /* InvestimentCardInteractor.swift */; };
		ED1C37F8269F335D00B4D9FF /* HistoricalData.swift in Sources */ = {isa = PBXBuildFile; fileRef = ED1C37F7269F335D00B4D9FF /* HistoricalData.swift */; };
		ED1C37FC269F3A3F00B4D9FF /* InvestimentCardModel.swift in Sources */ = {isa = PBXBuildFile; fileRef = ED1C37FB269F3A3F00B4D9FF /* InvestimentCardModel.swift */; };
		ED2AE30F26972EF1004E266B /* QueryService.swift in Sources */ = {isa = PBXBuildFile; fileRef = ED2AE30E26972EF1004E266B /* QueryService.swift */; };
		ED2AE312269732AA004E266B /* InvestimentsListInteractor.swift in Sources */ = {isa = PBXBuildFile; fileRef = ED2AE311269732AA004E266B /* InvestimentsListInteractor.swift */; };
		ED2AE31626973D40004E266B /* TrendingElement.swift in Sources */ = {isa = PBXBuildFile; fileRef = ED2AE31526973D40004E266B /* TrendingElement.swift */; };
		ED2AE31A26973E61004E266B /* Quote.swift in Sources */ = {isa = PBXBuildFile; fileRef = ED2AE31926973E61004E266B /* Quote.swift */; };
		ED2AE31D2697538C004E266B /* InvestimentsListPresenter.swift in Sources */ = {isa = PBXBuildFile; fileRef = ED2AE31C2697538C004E266B /* InvestimentsListPresenter.swift */; };
		ED5A1BB9269DCB35007A3C76 /* InvestimentPresenter.swift in Sources */ = {isa = PBXBuildFile; fileRef = ED5A1BB8269DCB35007A3C76 /* InvestimentPresenter.swift */; };
		ED5A1BBE269DEDA1007A3C76 /* InvestimentConfigurator.swift in Sources */ = {isa = PBXBuildFile; fileRef = ED5A1BBD269DEDA1007A3C76 /* InvestimentConfigurator.swift */; };
		ED693C4326B811C2009971B2 /* SuggestionsConfigurator.swift in Sources */ = {isa = PBXBuildFile; fileRef = ED693C4226B811C2009971B2 /* SuggestionsConfigurator.swift */; };
		ED8124D9269C90990075BC35 /* InvestimentsListConfigurator.swift in Sources */ = {isa = PBXBuildFile; fileRef = ED8124D8269C90990075BC35 /* InvestimentsListConfigurator.swift */; };
		ED8124DF269CA18F0075BC35 /* InvestimentsListRouter.swift in Sources */ = {isa = PBXBuildFile; fileRef = ED8124DE269CA18F0075BC35 /* InvestimentsListRouter.swift */; };
		ED88C4C526B812E70004D3D2 /* SuggestionsPresenter.swift in Sources */ = {isa = PBXBuildFile; fileRef = ED88C4C426B812E70004D3D2 /* SuggestionsPresenter.swift */; };
		ED88C4CB26B814150004D3D2 /* SuggestionsInteractor.swift in Sources */ = {isa = PBXBuildFile; fileRef = ED88C4CA26B814150004D3D2 /* SuggestionsInteractor.swift */; };
		ED88C4D026B818BD0004D3D2 /* SuggestionsModel.swift in Sources */ = {isa = PBXBuildFile; fileRef = ED88C4CF26B818BD0004D3D2 /* SuggestionsModel.swift */; };
		ED88C4D526B960BA0004D3D2 /* FavoriteTickets.xcdatamodeld in Sources */ = {isa = PBXBuildFile; fileRef = ED88C4D326B960BA0004D3D2 /* FavoriteTickets.xcdatamodeld */; };
		ED8E0BF928D4AE2A003737FB /* MobileAnalyticsChartSwift in Frameworks */ = {isa = PBXBuildFile; productRef = ED8E0BF828D4AE2A003737FB /* MobileAnalyticsChartSwift */; };
		ED9AE14E269755CE00745E4A /* InvestimentModel.swift in Sources */ = {isa = PBXBuildFile; fileRef = ED9AE14D269755CE00745E4A /* InvestimentModel.swift */; };
		EDA04D5F266FCBBE0065576A /* AppDelegate.swift in Sources */ = {isa = PBXBuildFile; fileRef = EDA04D5E266FCBBE0065576A /* AppDelegate.swift */; };
		EDA04D61266FCBBE0065576A /* SceneDelegate.swift in Sources */ = {isa = PBXBuildFile; fileRef = EDA04D60266FCBBE0065576A /* SceneDelegate.swift */; };
		EDA04D63266FCBBE0065576A /* InvestimentsViewController.swift in Sources */ = {isa = PBXBuildFile; fileRef = EDA04D62266FCBBE0065576A /* InvestimentsViewController.swift */; };
		EDA04D66266FCBBE0065576A /* Main.storyboard in Resources */ = {isa = PBXBuildFile; fileRef = EDA04D64266FCBBE0065576A /* Main.storyboard */; };
		EDA04D68266FCBBF0065576A /* Assets.xcassets in Resources */ = {isa = PBXBuildFile; fileRef = EDA04D67266FCBBF0065576A /* Assets.xcassets */; };
		EDA04D6B266FCBBF0065576A /* LaunchScreen.storyboard in Resources */ = {isa = PBXBuildFile; fileRef = EDA04D69266FCBBF0065576A /* LaunchScreen.storyboard */; };
		EDA04D7B2670E6EA0065576A /* InvestimentsTableCell.swift in Sources */ = {isa = PBXBuildFile; fileRef = EDA04D792670E6EA0065576A /* InvestimentsTableCell.swift */; };
		EDA04D7C2670E6EA0065576A /* InvestimentsTableCell.xib in Resources */ = {isa = PBXBuildFile; fileRef = EDA04D7A2670E6EA0065576A /* InvestimentsTableCell.xib */; };
		EDA04D802670F50C0065576A /* InvestimentCollectionCell.swift in Sources */ = {isa = PBXBuildFile; fileRef = EDA04D7E2670F50C0065576A /* InvestimentCollectionCell.swift */; };
		EDA04D812670F50C0065576A /* InvestimentCollectionCell.xib in Resources */ = {isa = PBXBuildFile; fileRef = EDA04D7F2670F50C0065576A /* InvestimentCollectionCell.xib */; };
		EDA04D8E26724BE50065576A /* InvestimentViewController.swift in Sources */ = {isa = PBXBuildFile; fileRef = EDA04D8C26724BE50065576A /* InvestimentViewController.swift */; };
		EDA04D9326724CD10065576A /* Investiment.storyboard in Resources */ = {isa = PBXBuildFile; fileRef = EDA04D9226724CD10065576A /* Investiment.storyboard */; };
		EDAC313F2673840D009DA903 /* SuggestionsViewController.swift in Sources */ = {isa = PBXBuildFile; fileRef = EDAC313E2673840D009DA903 /* SuggestionsViewController.swift */; };
		EDAC314226738492009DA903 /* Suggestions.storyboard in Resources */ = {isa = PBXBuildFile; fileRef = EDAC314126738492009DA903 /* Suggestions.storyboard */; };
		EDAC3146267388B3009DA903 /* SuggestionCollectionCell.swift in Sources */ = {isa = PBXBuildFile; fileRef = EDAC3144267388B3009DA903 /* SuggestionCollectionCell.swift */; };
		EDAC3147267388B3009DA903 /* SuggestionCollectionCell.xib in Resources */ = {isa = PBXBuildFile; fileRef = EDAC3145267388B3009DA903 /* SuggestionCollectionCell.xib */; };
		EDAC314B26739474009DA903 /* CardViewCell.swift in Sources */ = {isa = PBXBuildFile; fileRef = EDAC314926739474009DA903 /* CardViewCell.swift */; };
		EDAC314C26739474009DA903 /* CardViewCell.xib in Resources */ = {isa = PBXBuildFile; fileRef = EDAC314A26739474009DA903 /* CardViewCell.xib */; };
		EDE0F30E2678E79E0088AA67 /* UIView+Extension.swift in Sources */ = {isa = PBXBuildFile; fileRef = EDE0F30D2678E79E0088AA67 /* UIView+Extension.swift */; };
		EDF4FC6B26B198B500AF453C /* CoreDataService.swift in Sources */ = {isa = PBXBuildFile; fileRef = EDF4FC6A26B198B500AF453C /* CoreDataService.swift */; };
		EDF4FC6F26B198EC00AF453C /* TicketEntity.swift in Sources */ = {isa = PBXBuildFile; fileRef = EDF4FC6E26B198EC00AF453C /* TicketEntity.swift */; };
/* End PBXBuildFile section */

/* Begin PBXFileReference section */
		ED1C37F4269F2A9C00B4D9FF /* InvestimentCardInteractor.swift */ = {isa = PBXFileReference; lastKnownFileType = sourcecode.swift; path = InvestimentCardInteractor.swift; sourceTree = "<group>"; };
		ED1C37F7269F335D00B4D9FF /* HistoricalData.swift */ = {isa = PBXFileReference; lastKnownFileType = sourcecode.swift; path = HistoricalData.swift; sourceTree = "<group>"; };
		ED1C37FB269F3A3F00B4D9FF /* InvestimentCardModel.swift */ = {isa = PBXFileReference; lastKnownFileType = sourcecode.swift; path = InvestimentCardModel.swift; sourceTree = "<group>"; };
		ED2AE30E26972EF1004E266B /* QueryService.swift */ = {isa = PBXFileReference; lastKnownFileType = sourcecode.swift; path = QueryService.swift; sourceTree = "<group>"; };
		ED2AE311269732AA004E266B /* InvestimentsListInteractor.swift */ = {isa = PBXFileReference; lastKnownFileType = sourcecode.swift; path = InvestimentsListInteractor.swift; sourceTree = "<group>"; };
		ED2AE31526973D40004E266B /* TrendingElement.swift */ = {isa = PBXFileReference; lastKnownFileType = sourcecode.swift; path = TrendingElement.swift; sourceTree = "<group>"; };
		ED2AE31926973E61004E266B /* Quote.swift */ = {isa = PBXFileReference; lastKnownFileType = sourcecode.swift; path = Quote.swift; sourceTree = "<group>"; };
		ED2AE31C2697538C004E266B /* InvestimentsListPresenter.swift */ = {isa = PBXFileReference; lastKnownFileType = sourcecode.swift; path = InvestimentsListPresenter.swift; sourceTree = "<group>"; };
		ED5A1BB8269DCB35007A3C76 /* InvestimentPresenter.swift */ = {isa = PBXFileReference; lastKnownFileType = sourcecode.swift; path = InvestimentPresenter.swift; sourceTree = "<group>"; };
		ED5A1BBD269DEDA1007A3C76 /* InvestimentConfigurator.swift */ = {isa = PBXFileReference; lastKnownFileType = sourcecode.swift; path = InvestimentConfigurator.swift; sourceTree = "<group>"; };
		ED693C4226B811C2009971B2 /* SuggestionsConfigurator.swift */ = {isa = PBXFileReference; lastKnownFileType = sourcecode.swift; path = SuggestionsConfigurator.swift; sourceTree = "<group>"; };
		ED8124D8269C90990075BC35 /* InvestimentsListConfigurator.swift */ = {isa = PBXFileReference; lastKnownFileType = sourcecode.swift; path = InvestimentsListConfigurator.swift; sourceTree = "<group>"; };
		ED8124DE269CA18F0075BC35 /* InvestimentsListRouter.swift */ = {isa = PBXFileReference; lastKnownFileType = sourcecode.swift; path = InvestimentsListRouter.swift; sourceTree = "<group>"; };
		ED88C4C426B812E70004D3D2 /* SuggestionsPresenter.swift */ = {isa = PBXFileReference; lastKnownFileType = sourcecode.swift; path = SuggestionsPresenter.swift; sourceTree = "<group>"; };
		ED88C4CA26B814150004D3D2 /* SuggestionsInteractor.swift */ = {isa = PBXFileReference; lastKnownFileType = sourcecode.swift; path = SuggestionsInteractor.swift; sourceTree = "<group>"; };
		ED88C4CF26B818BD0004D3D2 /* SuggestionsModel.swift */ = {isa = PBXFileReference; lastKnownFileType = sourcecode.swift; path = SuggestionsModel.swift; sourceTree = "<group>"; };
		ED88C4D426B960BA0004D3D2 /* FavoriteTickets.xcdatamodel */ = {isa = PBXFileReference; lastKnownFileType = wrapper.xcdatamodel; path = FavoriteTickets.xcdatamodel; sourceTree = "<group>"; };
		ED8E0BF628D4ADE5003737FB /* mobile-analytics-chart-swift-master */ = {isa = PBXFileReference; lastKnownFileType = wrapper; path = "mobile-analytics-chart-swift-master"; sourceTree = "<group>"; };
		ED9AE14D269755CE00745E4A /* InvestimentModel.swift */ = {isa = PBXFileReference; lastKnownFileType = sourcecode.swift; path = InvestimentModel.swift; sourceTree = "<group>"; };
		EDA04D5B266FCBBE0065576A /* YandexInvestiments.app */ = {isa = PBXFileReference; explicitFileType = wrapper.application; includeInIndex = 0; path = YandexInvestiments.app; sourceTree = BUILT_PRODUCTS_DIR; };
		EDA04D5E266FCBBE0065576A /* AppDelegate.swift */ = {isa = PBXFileReference; lastKnownFileType = sourcecode.swift; path = AppDelegate.swift; sourceTree = "<group>"; };
		EDA04D60266FCBBE0065576A /* SceneDelegate.swift */ = {isa = PBXFileReference; lastKnownFileType = sourcecode.swift; path = SceneDelegate.swift; sourceTree = "<group>"; };
		EDA04D62266FCBBE0065576A /* InvestimentsViewController.swift */ = {isa = PBXFileReference; lastKnownFileType = sourcecode.swift; path = InvestimentsViewController.swift; sourceTree = "<group>"; };
		EDA04D65266FCBBE0065576A /* Base */ = {isa = PBXFileReference; lastKnownFileType = file.storyboard; name = Base; path = Base.lproj/Main.storyboard; sourceTree = "<group>"; };
		EDA04D67266FCBBF0065576A /* Assets.xcassets */ = {isa = PBXFileReference; lastKnownFileType = folder.assetcatalog; path = Assets.xcassets; sourceTree = "<group>"; };
		EDA04D6A266FCBBF0065576A /* Base */ = {isa = PBXFileReference; lastKnownFileType = file.storyboard; name = Base; path = Base.lproj/LaunchScreen.storyboard; sourceTree = "<group>"; };
		EDA04D6C266FCBBF0065576A /* Info.plist */ = {isa = PBXFileReference; lastKnownFileType = text.plist.xml; path = Info.plist; sourceTree = "<group>"; };
		EDA04D792670E6EA0065576A /* InvestimentsTableCell.swift */ = {isa = PBXFileReference; lastKnownFileType = sourcecode.swift; path = InvestimentsTableCell.swift; sourceTree = "<group>"; };
		EDA04D7A2670E6EA0065576A /* InvestimentsTableCell.xib */ = {isa = PBXFileReference; lastKnownFileType = file.xib; path = InvestimentsTableCell.xib; sourceTree = "<group>"; };
		EDA04D7E2670F50C0065576A /* InvestimentCollectionCell.swift */ = {isa = PBXFileReference; lastKnownFileType = sourcecode.swift; path = InvestimentCollectionCell.swift; sourceTree = "<group>"; };
		EDA04D7F2670F50C0065576A /* InvestimentCollectionCell.xib */ = {isa = PBXFileReference; lastKnownFileType = file.xib; path = InvestimentCollectionCell.xib; sourceTree = "<group>"; };
		EDA04D8C26724BE50065576A /* InvestimentViewController.swift */ = {isa = PBXFileReference; lastKnownFileType = sourcecode.swift; path = InvestimentViewController.swift; sourceTree = "<group>"; };
		EDA04D9226724CD10065576A /* Investiment.storyboard */ = {isa = PBXFileReference; lastKnownFileType = file.storyboard; path = Investiment.storyboard; sourceTree = "<group>"; };
		EDAC313E2673840D009DA903 /* SuggestionsViewController.swift */ = {isa = PBXFileReference; lastKnownFileType = sourcecode.swift; path = SuggestionsViewController.swift; sourceTree = "<group>"; };
		EDAC314126738492009DA903 /* Suggestions.storyboard */ = {isa = PBXFileReference; lastKnownFileType = file.storyboard; path = Suggestions.storyboard; sourceTree = "<group>"; };
		EDAC3144267388B3009DA903 /* SuggestionCollectionCell.swift */ = {isa = PBXFileReference; lastKnownFileType = sourcecode.swift; path = SuggestionCollectionCell.swift; sourceTree = "<group>"; };
		EDAC3145267388B3009DA903 /* SuggestionCollectionCell.xib */ = {isa = PBXFileReference; lastKnownFileType = file.xib; path = SuggestionCollectionCell.xib; sourceTree = "<group>"; };
		EDAC314926739474009DA903 /* CardViewCell.swift */ = {isa = PBXFileReference; lastKnownFileType = sourcecode.swift; path = CardViewCell.swift; sourceTree = "<group>"; };
		EDAC314A26739474009DA903 /* CardViewCell.xib */ = {isa = PBXFileReference; lastKnownFileType = file.xib; path = CardViewCell.xib; sourceTree = "<group>"; };
		EDE0F30D2678E79E0088AA67 /* UIView+Extension.swift */ = {isa = PBXFileReference; lastKnownFileType = sourcecode.swift; path = "UIView+Extension.swift"; sourceTree = "<group>"; };
		EDF4FC6A26B198B500AF453C /* CoreDataService.swift */ = {isa = PBXFileReference; lastKnownFileType = sourcecode.swift; path = CoreDataService.swift; sourceTree = "<group>"; };
		EDF4FC6E26B198EC00AF453C /* TicketEntity.swift */ = {isa = PBXFileReference; lastKnownFileType = sourcecode.swift; path = TicketEntity.swift; sourceTree = "<group>"; };
/* End PBXFileReference section */

/* Begin PBXFrameworksBuildPhase section */
		EDA04D58266FCBBE0065576A /* Frameworks */ = {
			isa = PBXFrameworksBuildPhase;
			buildActionMask = 2147483647;
			files = (
				ED8E0BF928D4AE2A003737FB /* MobileAnalyticsChartSwift in Frameworks */,
			);
			runOnlyForDeploymentPostprocessing = 0;
		};
/* End PBXFrameworksBuildPhase section */

/* Begin PBXGroup section */
		ED1C37F3269F2A8400B4D9FF /* Interactor */ = {
			isa = PBXGroup;
			children = (
				ED1C37F4269F2A9C00B4D9FF /* InvestimentCardInteractor.swift */,
			);
			path = Interactor;
			sourceTree = "<group>";
		};
		ED1C37FA269F3A2F00B4D9FF /* Entity */ = {
			isa = PBXGroup;
			children = (
				ED1C37FB269F3A3F00B4D9FF /* InvestimentCardModel.swift */,
			);
			path = Entity;
			sourceTree = "<group>";
		};
		ED2AE30D26972E57004E266B /* InvestimentApi */ = {
			isa = PBXGroup;
			children = (
				ED2AE31426973D16004E266B /* InvestimentObjects */,
				ED2AE30E26972EF1004E266B /* QueryService.swift */,
			);
			path = InvestimentApi;
			sourceTree = "<group>";
		};
		ED2AE31426973D16004E266B /* InvestimentObjects */ = {
			isa = PBXGroup;
			children = (
				ED2AE31526973D40004E266B /* TrendingElement.swift */,
				ED2AE31926973E61004E266B /* Quote.swift */,
				ED1C37F7269F335D00B4D9FF /* HistoricalData.swift */,
			);
			path = InvestimentObjects;
			sourceTree = "<group>";
		};
		ED2AE32026975431004E266B /* View */ = {
			isa = PBXGroup;
			children = (
				ED5D6BA726985753000BED46 /* Cells */,
				EDA04D62266FCBBE0065576A /* InvestimentsViewController.swift */,
				EDA04D64266FCBBE0065576A /* Main.storyboard */,
			);
			path = View;
			sourceTree = "<group>";
		};
		ED2AE3212697543E004E266B /* Interactor */ = {
			isa = PBXGroup;
			children = (
				ED2AE311269732AA004E266B /* InvestimentsListInteractor.swift */,
			);
			path = Interactor;
			sourceTree = "<group>";
		};
		ED2AE32226975448004E266B /* Presenter */ = {
			isa = PBXGroup;
			children = (
				ED2AE31C2697538C004E266B /* InvestimentsListPresenter.swift */,
			);
			path = Presenter;
			sourceTree = "<group>";
		};
		ED5A1BB6269DCB18007A3C76 /* View */ = {
			isa = PBXGroup;
			children = (
				EDA04D8C26724BE50065576A /* InvestimentViewController.swift */,
				EDA04D9226724CD10065576A /* Investiment.storyboard */,
				EDAC314926739474009DA903 /* CardViewCell.swift */,
				EDAC314A26739474009DA903 /* CardViewCell.xib */,
			);
			path = View;
			sourceTree = "<group>";
		};
		ED5A1BB7269DCB24007A3C76 /* Presenter */ = {
			isa = PBXGroup;
			children = (
				ED5A1BB8269DCB35007A3C76 /* InvestimentPresenter.swift */,
			);
			path = Presenter;
			sourceTree = "<group>";
		};
		ED5A1BBC269DED84007A3C76 /* Configurator */ = {
			isa = PBXGroup;
			children = (
				ED5A1BBD269DEDA1007A3C76 /* InvestimentConfigurator.swift */,
			);
			path = Configurator;
			sourceTree = "<group>";
		};
		ED5D6BA726985753000BED46 /* Cells */ = {
			isa = PBXGroup;
			children = (
				EDA04D7E2670F50C0065576A /* InvestimentCollectionCell.swift */,
				EDA04D7F2670F50C0065576A /* InvestimentCollectionCell.xib */,
				EDA04D792670E6EA0065576A /* InvestimentsTableCell.swift */,
				EDA04D7A2670E6EA0065576A /* InvestimentsTableCell.xib */,
			);
			path = Cells;
			sourceTree = "<group>";
		};
		ED693C4026B810DB009971B2 /* View */ = {
			isa = PBXGroup;
			children = (
				EDAC313E2673840D009DA903 /* SuggestionsViewController.swift */,
				EDAC314126738492009DA903 /* Suggestions.storyboard */,
				EDAC3144267388B3009DA903 /* SuggestionCollectionCell.swift */,
				EDAC3145267388B3009DA903 /* SuggestionCollectionCell.xib */,
			);
			path = View;
			sourceTree = "<group>";
		};
		ED693C4126B810FF009971B2 /* Configurator */ = {
			isa = PBXGroup;
			children = (
				ED693C4226B811C2009971B2 /* SuggestionsConfigurator.swift */,
			);
			path = Configurator;
			sourceTree = "<group>";
		};
		ED8124D7269C90420075BC35 /* Configurator */ = {
			isa = PBXGroup;
			children = (
				ED8124D8269C90990075BC35 /* InvestimentsListConfigurator.swift */,
			);
			path = Configurator;
			sourceTree = "<group>";
		};
		ED8124DD269CA17D0075BC35 /* Router */ = {
			isa = PBXGroup;
			children = (
				ED8124DE269CA18F0075BC35 /* InvestimentsListRouter.swift */,
			);
			path = Router;
			sourceTree = "<group>";
		};
		ED88C4C326B812D30004D3D2 /* Presenter */ = {
			isa = PBXGroup;
			children = (
				ED88C4C426B812E70004D3D2 /* SuggestionsPresenter.swift */,
			);
			path = Presenter;
			sourceTree = "<group>";
		};
		ED88C4C926B814070004D3D2 /* Interactor */ = {
			isa = PBXGroup;
			children = (
				ED88C4CA26B814150004D3D2 /* SuggestionsInteractor.swift */,
			);
			path = Interactor;
			sourceTree = "<group>";
		};
		ED88C4CE26B818AD0004D3D2 /* Entity */ = {
			isa = PBXGroup;
			children = (
				ED88C4CF26B818BD0004D3D2 /* SuggestionsModel.swift */,
			);
			path = Entity;
			sourceTree = "<group>";
		};
		ED8E0BF528D4ADE5003737FB /* Packages */ = {
			isa = PBXGroup;
			children = (
				ED8E0BF628D4ADE5003737FB /* mobile-analytics-chart-swift-master */,
			);
			name = Packages;
			sourceTree = "<group>";
		};
		ED8E0BF728D4AE2A003737FB /* Frameworks */ = {
			isa = PBXGroup;
			children = (
			);
			name = Frameworks;
			sourceTree = "<group>";
		};
		ED9AE14C269755B800745E4A /* Entity */ = {
			isa = PBXGroup;
			children = (
				ED9AE14D269755CE00745E4A /* InvestimentModel.swift */,
			);
			path = Entity;
			sourceTree = "<group>";
		};
		EDA04D52266FCBBE0065576A = {
			isa = PBXGroup;
			children = (
				ED8E0BF528D4ADE5003737FB /* Packages */,
				EDA04D5D266FCBBE0065576A /* YandexInvestiments */,
				EDA04D5C266FCBBE0065576A /* Products */,
				ED8E0BF728D4AE2A003737FB /* Frameworks */,
			);
			sourceTree = "<group>";
		};
		EDA04D5C266FCBBE0065576A /* Products */ = {
			isa = PBXGroup;
			children = (
				EDA04D5B266FCBBE0065576A /* YandexInvestiments.app */,
			);
			name = Products;
			sourceTree = "<group>";
		};
		EDA04D5D266FCBBE0065576A /* YandexInvestiments */ = {
			isa = PBXGroup;
			children = (
				EDF4FC6926B1989B00AF453C /* CoreDataService */,
				ED2AE30D26972E57004E266B /* InvestimentApi */,
				EDE0F30B2678E7720088AA67 /* Commons */,
				EDAC313D267383CD009DA903 /* Suggestions */,
				EDA04D8326724AD30065576A /* InvestimentCard */,
				EDA04D732670DFE90065576A /* InvestimentsList */,
				EDA04D5E266FCBBE0065576A /* AppDelegate.swift */,
				EDA04D60266FCBBE0065576A /* SceneDelegate.swift */,
				EDA04D67266FCBBF0065576A /* Assets.xcassets */,
				EDA04D69266FCBBF0065576A /* LaunchScreen.storyboard */,
				EDA04D6C266FCBBF0065576A /* Info.plist */,
				ED88C4D326B960BA0004D3D2 /* FavoriteTickets.xcdatamodeld */,
			);
			path = YandexInvestiments;
			sourceTree = "<group>";
		};
		EDA04D732670DFE90065576A /* InvestimentsList */ = {
			isa = PBXGroup;
			children = (
				ED8124DD269CA17D0075BC35 /* Router */,
				ED8124D7269C90420075BC35 /* Configurator */,
				ED9AE14C269755B800745E4A /* Entity */,
				ED2AE32226975448004E266B /* Presenter */,
				ED2AE3212697543E004E266B /* Interactor */,
				ED2AE32026975431004E266B /* View */,
			);
			path = InvestimentsList;
			sourceTree = "<group>";
		};
		EDA04D8326724AD30065576A /* InvestimentCard */ = {
			isa = PBXGroup;
			children = (
				ED1C37FA269F3A2F00B4D9FF /* Entity */,
				ED1C37F3269F2A8400B4D9FF /* Interactor */,
				ED5A1BBC269DED84007A3C76 /* Configurator */,
				ED5A1BB7269DCB24007A3C76 /* Presenter */,
				ED5A1BB6269DCB18007A3C76 /* View */,
			);
			path = InvestimentCard;
			sourceTree = "<group>";
		};
		EDAC313D267383CD009DA903 /* Suggestions */ = {
			isa = PBXGroup;
			children = (
				ED88C4CE26B818AD0004D3D2 /* Entity */,
				ED88C4C926B814070004D3D2 /* Interactor */,
				ED88C4C326B812D30004D3D2 /* Presenter */,
				ED693C4126B810FF009971B2 /* Configurator */,
				ED693C4026B810DB009971B2 /* View */,
			);
			path = Suggestions;
			sourceTree = "<group>";
		};
		EDE0F30B2678E7720088AA67 /* Commons */ = {
			isa = PBXGroup;
			children = (
				EDE0F30C2678E77A0088AA67 /* Extensions */,
			);
			path = Commons;
			sourceTree = "<group>";
		};
		EDE0F30C2678E77A0088AA67 /* Extensions */ = {
			isa = PBXGroup;
			children = (
				EDE0F30D2678E79E0088AA67 /* UIView+Extension.swift */,
			);
			path = Extensions;
			sourceTree = "<group>";
		};
		EDF4FC6926B1989B00AF453C /* CoreDataService */ = {
			isa = PBXGroup;
			children = (
				EDF4FC6D26B198E000AF453C /* Entities */,
				EDF4FC6A26B198B500AF453C /* CoreDataService.swift */,
			);
			path = CoreDataService;
			sourceTree = "<group>";
		};
		EDF4FC6D26B198E000AF453C /* Entities */ = {
			isa = PBXGroup;
			children = (
				EDF4FC6E26B198EC00AF453C /* TicketEntity.swift */,
			);
			path = Entities;
			sourceTree = "<group>";
		};
/* End PBXGroup section */

/* Begin PBXNativeTarget section */
		EDA04D5A266FCBBE0065576A /* YandexInvestiments */ = {
			isa = PBXNativeTarget;
			buildConfigurationList = EDA04D6F266FCBBF0065576A /* Build configuration list for PBXNativeTarget "YandexInvestiments" */;
			buildPhases = (
				EDA04D57266FCBBE0065576A /* Sources */,
				EDA04D58266FCBBE0065576A /* Frameworks */,
				EDA04D59266FCBBE0065576A /* Resources */,
			);
			buildRules = (
			);
			dependencies = (
			);
			name = YandexInvestiments;
			packageProductDependencies = (
				ED8E0BF828D4AE2A003737FB /* MobileAnalyticsChartSwift */,
			);
			productName = YandexInvestiments;
			productReference = EDA04D5B266FCBBE0065576A /* YandexInvestiments.app */;
			productType = "com.apple.product-type.application";
		};
/* End PBXNativeTarget section */

/* Begin PBXProject section */
		EDA04D53266FCBBE0065576A /* Project object */ = {
			isa = PBXProject;
			attributes = {
				LastSwiftUpdateCheck = 1210;
				LastUpgradeCheck = 1210;
				TargetAttributes = {
					EDA04D5A266FCBBE0065576A = {
						CreatedOnToolsVersion = 12.1;
					};
				};
			};
			buildConfigurationList = EDA04D56266FCBBE0065576A /* Build configuration list for PBXProject "YandexInvestiments" */;
			compatibilityVersion = "Xcode 9.3";
			developmentRegion = en;
			hasScannedForEncodings = 0;
			knownRegions = (
				en,
				Base,
			);
			mainGroup = EDA04D52266FCBBE0065576A;
			packageReferences = (
			);
			productRefGroup = EDA04D5C266FCBBE0065576A /* Products */;
			projectDirPath = "";
			projectRoot = "";
			targets = (
				EDA04D5A266FCBBE0065576A /* YandexInvestiments */,
			);
		};
/* End PBXProject section */

/* Begin PBXResourcesBuildPhase section */
		EDA04D59266FCBBE0065576A /* Resources */ = {
			isa = PBXResourcesBuildPhase;
			buildActionMask = 2147483647;
			files = (
				EDA04D6B266FCBBF0065576A /* LaunchScreen.storyboard in Resources */,
				EDAC3147267388B3009DA903 /* SuggestionCollectionCell.xib in Resources */,
				EDA04D812670F50C0065576A /* InvestimentCollectionCell.xib in Resources */,
				EDAC314C26739474009DA903 /* CardViewCell.xib in Resources */,
				EDA04D9326724CD10065576A /* Investiment.storyboard in Resources */,
				EDA04D68266FCBBF0065576A /* Assets.xcassets in Resources */,
				EDAC314226738492009DA903 /* Suggestions.storyboard in Resources */,
				EDA04D66266FCBBE0065576A /* Main.storyboard in Resources */,
				EDA04D7C2670E6EA0065576A /* InvestimentsTableCell.xib in Resources */,
			);
			runOnlyForDeploymentPostprocessing = 0;
		};
/* End PBXResourcesBuildPhase section */

/* Begin PBXSourcesBuildPhase section */
		EDA04D57266FCBBE0065576A /* Sources */ = {
			isa = PBXSourcesBuildPhase;
			buildActionMask = 2147483647;
			files = (
				ED88C4D026B818BD0004D3D2 /* SuggestionsModel.swift in Sources */,
				EDA04D63266FCBBE0065576A /* InvestimentsViewController.swift in Sources */,
				EDA04D5F266FCBBE0065576A /* AppDelegate.swift in Sources */,
				ED2AE312269732AA004E266B /* InvestimentsListInteractor.swift in Sources */,
				EDA04D8E26724BE50065576A /* InvestimentViewController.swift in Sources */,
				ED5A1BB9269DCB35007A3C76 /* InvestimentPresenter.swift in Sources */,
				ED9AE14E269755CE00745E4A /* InvestimentModel.swift in Sources */,
				ED8124D9269C90990075BC35 /* InvestimentsListConfigurator.swift in Sources */,
				ED1C37F5269F2A9C00B4D9FF /* InvestimentCardInteractor.swift in Sources */,
				ED88C4CB26B814150004D3D2 /* SuggestionsInteractor.swift in Sources */,
				ED1C37FC269F3A3F00B4D9FF /* InvestimentCardModel.swift in Sources */,
				EDAC314B26739474009DA903 /* CardViewCell.swift in Sources */,
				EDA04D61266FCBBE0065576A /* SceneDelegate.swift in Sources */,
				EDA04D802670F50C0065576A /* InvestimentCollectionCell.swift in Sources */,
				EDAC3146267388B3009DA903 /* SuggestionCollectionCell.swift in Sources */,
				ED88C4C526B812E70004D3D2 /* SuggestionsPresenter.swift in Sources */,
				EDA04D7B2670E6EA0065576A /* InvestimentsTableCell.swift in Sources */,
				ED2AE30F26972EF1004E266B /* QueryService.swift in Sources */,
				EDE0F30E2678E79E0088AA67 /* UIView+Extension.swift in Sources */,
				EDF4FC6B26B198B500AF453C /* CoreDataService.swift in Sources */,
				ED8124DF269CA18F0075BC35 /* InvestimentsListRouter.swift in Sources */,
				ED88C4D526B960BA0004D3D2 /* FavoriteTickets.xcdatamodeld in Sources */,
				EDAC313F2673840D009DA903 /* SuggestionsViewController.swift in Sources */,
				ED2AE31D2697538C004E266B /* InvestimentsListPresenter.swift in Sources */,
				ED693C4326B811C2009971B2 /* SuggestionsConfigurator.swift in Sources */,
				EDF4FC6F26B198EC00AF453C /* TicketEntity.swift in Sources */,
				ED5A1BBE269DEDA1007A3C76 /* InvestimentConfigurator.swift in Sources */,
				ED1C37F8269F335D00B4D9FF /* HistoricalData.swift in Sources */,
				ED2AE31A26973E61004E266B /* Quote.swift in Sources */,
				ED2AE31626973D40004E266B /* TrendingElement.swift in Sources */,
			);
			runOnlyForDeploymentPostprocessing = 0;
		};
/* End PBXSourcesBuildPhase section */

/* Begin PBXVariantGroup section */
		EDA04D64266FCBBE0065576A /* Main.storyboard */ = {
			isa = PBXVariantGroup;
			children = (
				EDA04D65266FCBBE0065576A /* Base */,
			);
			name = Main.storyboard;
			sourceTree = "<group>";
		};
		EDA04D69266FCBBF0065576A /* LaunchScreen.storyboard */ = {
			isa = PBXVariantGroup;
			children = (
				EDA04D6A266FCBBF0065576A /* Base */,
			);
			name = LaunchScreen.storyboard;
			sourceTree = "<group>";
		};
/* End PBXVariantGroup section */

/* Begin XCBuildConfiguration section */
		EDA04D6D266FCBBF0065576A /* Debug */ = {
			isa = XCBuildConfiguration;
			buildSettings = {
				ALWAYS_SEARCH_USER_PATHS = NO;
				CLANG_ANALYZER_NONNULL = YES;
				CLANG_ANALYZER_NUMBER_OBJECT_CONVERSION = YES_AGGRESSIVE;
				CLANG_CXX_LANGUAGE_STANDARD = "gnu++14";
				CLANG_CXX_LIBRARY = "libc++";
				CLANG_ENABLE_MODULES = YES;
				CLANG_ENABLE_OBJC_ARC = YES;
				CLANG_ENABLE_OBJC_WEAK = YES;
				CLANG_WARN_BLOCK_CAPTURE_AUTORELEASING = YES;
				CLANG_WARN_BOOL_CONVERSION = YES;
				CLANG_WARN_COMMA = YES;
				CLANG_WARN_CONSTANT_CONVERSION = YES;
				CLANG_WARN_DEPRECATED_OBJC_IMPLEMENTATIONS = YES;
				CLANG_WARN_DIRECT_OBJC_ISA_USAGE = YES_ERROR;
				CLANG_WARN_DOCUMENTATION_COMMENTS = YES;
				CLANG_WARN_EMPTY_BODY = YES;
				CLANG_WARN_ENUM_CONVERSION = YES;
				CLANG_WARN_INFINITE_RECURSION = YES;
				CLANG_WARN_INT_CONVERSION = YES;
				CLANG_WARN_NON_LITERAL_NULL_CONVERSION = YES;
				CLANG_WARN_OBJC_IMPLICIT_RETAIN_SELF = YES;
				CLANG_WARN_OBJC_LITERAL_CONVERSION = YES;
				CLANG_WARN_OBJC_ROOT_CLASS = YES_ERROR;
				CLANG_WARN_QUOTED_INCLUDE_IN_FRAMEWORK_HEADER = YES;
				CLANG_WARN_RANGE_LOOP_ANALYSIS = YES;
				CLANG_WARN_STRICT_PROTOTYPES = YES;
				CLANG_WARN_SUSPICIOUS_MOVE = YES;
				CLANG_WARN_UNGUARDED_AVAILABILITY = YES_AGGRESSIVE;
				CLANG_WARN_UNREACHABLE_CODE = YES;
				CLANG_WARN__DUPLICATE_METHOD_MATCH = YES;
				COPY_PHASE_STRIP = NO;
				DEBUG_INFORMATION_FORMAT = dwarf;
				ENABLE_STRICT_OBJC_MSGSEND = YES;
				ENABLE_TESTABILITY = YES;
				GCC_C_LANGUAGE_STANDARD = gnu11;
				GCC_DYNAMIC_NO_PIC = NO;
				GCC_NO_COMMON_BLOCKS = YES;
				GCC_OPTIMIZATION_LEVEL = 0;
				GCC_PREPROCESSOR_DEFINITIONS = (
					"DEBUG=1",
					"$(inherited)",
				);
				GCC_WARN_64_TO_32_BIT_CONVERSION = YES;
				GCC_WARN_ABOUT_RETURN_TYPE = YES_ERROR;
				GCC_WARN_UNDECLARED_SELECTOR = YES;
				GCC_WARN_UNINITIALIZED_AUTOS = YES_AGGRESSIVE;
				GCC_WARN_UNUSED_FUNCTION = YES;
				GCC_WARN_UNUSED_VARIABLE = YES;
				IPHONEOS_DEPLOYMENT_TARGET = 14.1;
				MTL_ENABLE_DEBUG_INFO = INCLUDE_SOURCE;
				MTL_FAST_MATH = YES;
				ONLY_ACTIVE_ARCH = YES;
				SDKROOT = iphoneos;
				SWIFT_ACTIVE_COMPILATION_CONDITIONS = DEBUG;
				SWIFT_OPTIMIZATION_LEVEL = "-Onone";
			};
			name = Debug;
		};
		EDA04D6E266FCBBF0065576A /* Release */ = {
			isa = XCBuildConfiguration;
			buildSettings = {
				ALWAYS_SEARCH_USER_PATHS = NO;
				CLANG_ANALYZER_NONNULL = YES;
				CLANG_ANALYZER_NUMBER_OBJECT_CONVERSION = YES_AGGRESSIVE;
				CLANG_CXX_LANGUAGE_STANDARD = "gnu++14";
				CLANG_CXX_LIBRARY = "libc++";
				CLANG_ENABLE_MODULES = YES;
				CLANG_ENABLE_OBJC_ARC = YES;
				CLANG_ENABLE_OBJC_WEAK = YES;
				CLANG_WARN_BLOCK_CAPTURE_AUTORELEASING = YES;
				CLANG_WARN_BOOL_CONVERSION = YES;
				CLANG_WARN_COMMA = YES;
				CLANG_WARN_CONSTANT_CONVERSION = YES;
				CLANG_WARN_DEPRECATED_OBJC_IMPLEMENTATIONS = YES;
				CLANG_WARN_DIRECT_OBJC_ISA_USAGE = YES_ERROR;
				CLANG_WARN_DOCUMENTATION_COMMENTS = YES;
				CLANG_WARN_EMPTY_BODY = YES;
				CLANG_WARN_ENUM_CONVERSION = YES;
				CLANG_WARN_INFINITE_RECURSION = YES;
				CLANG_WARN_INT_CONVERSION = YES;
				CLANG_WARN_NON_LITERAL_NULL_CONVERSION = YES;
				CLANG_WARN_OBJC_IMPLICIT_RETAIN_SELF = YES;
				CLANG_WARN_OBJC_LITERAL_CONVERSION = YES;
				CLANG_WARN_OBJC_ROOT_CLASS = YES_ERROR;
				CLANG_WARN_QUOTED_INCLUDE_IN_FRAMEWORK_HEADER = YES;
				CLANG_WARN_RANGE_LOOP_ANALYSIS = YES;
				CLANG_WARN_STRICT_PROTOTYPES = YES;
				CLANG_WARN_SUSPICIOUS_MOVE = YES;
				CLANG_WARN_UNGUARDED_AVAILABILITY = YES_AGGRESSIVE;
				CLANG_WARN_UNREACHABLE_CODE = YES;
				CLANG_WARN__DUPLICATE_METHOD_MATCH = YES;
				COPY_PHASE_STRIP = NO;
				DEBUG_INFORMATION_FORMAT = "dwarf-with-dsym";
				ENABLE_NS_ASSERTIONS = NO;
				ENABLE_STRICT_OBJC_MSGSEND = YES;
				GCC_C_LANGUAGE_STANDARD = gnu11;
				GCC_NO_COMMON_BLOCKS = YES;
				GCC_WARN_64_TO_32_BIT_CONVERSION = YES;
				GCC_WARN_ABOUT_RETURN_TYPE = YES_ERROR;
				GCC_WARN_UNDECLARED_SELECTOR = YES;
				GCC_WARN_UNINITIALIZED_AUTOS = YES_AGGRESSIVE;
				GCC_WARN_UNUSED_FUNCTION = YES;
				GCC_WARN_UNUSED_VARIABLE = YES;
				IPHONEOS_DEPLOYMENT_TARGET = 14.1;
				MTL_ENABLE_DEBUG_INFO = NO;
				MTL_FAST_MATH = YES;
				SDKROOT = iphoneos;
				SWIFT_COMPILATION_MODE = wholemodule;
				SWIFT_OPTIMIZATION_LEVEL = "-O";
				VALIDATE_PRODUCT = YES;
			};
			name = Release;
		};
		EDA04D70266FCBBF0065576A /* Debug */ = {
			isa = XCBuildConfiguration;
			buildSettings = {
				ASSETCATALOG_COMPILER_APPICON_NAME = AppIcon;
				ASSETCATALOG_COMPILER_GLOBAL_ACCENT_COLOR_NAME = AccentColor;
				CODE_SIGN_STYLE = Automatic;
				DEVELOPMENT_TEAM = PY9TWBV6RF;
				INFOPLIST_FILE = YandexInvestiments/Info.plist;
				LD_RUNPATH_SEARCH_PATHS = (
					"$(inherited)",
					"@executable_path/Frameworks",
				);
				PRODUCT_BUNDLE_IDENTIFIER = Solo.YandexInvestiments;
				PRODUCT_NAME = "$(TARGET_NAME)";
				SWIFT_VERSION = 5.0;
				TARGETED_DEVICE_FAMILY = "1,2";
			};
			name = Debug;
		};
		EDA04D71266FCBBF0065576A /* Release */ = {
			isa = XCBuildConfiguration;
			buildSettings = {
				ASSETCATALOG_COMPILER_APPICON_NAME = AppIcon;
				ASSETCATALOG_COMPILER_GLOBAL_ACCENT_COLOR_NAME = AccentColor;
				CODE_SIGN_STYLE = Automatic;
				DEVELOPMENT_TEAM = PY9TWBV6RF;
				INFOPLIST_FILE = YandexInvestiments/Info.plist;
				LD_RUNPATH_SEARCH_PATHS = (
					"$(inherited)",
					"@executable_path/Frameworks",
				);
				PRODUCT_BUNDLE_IDENTIFIER = Solo.YandexInvestiments;
				PRODUCT_NAME = "$(TARGET_NAME)";
				SWIFT_VERSION = 5.0;
				TARGETED_DEVICE_FAMILY = "1,2";
			};
			name = Release;
		};
/* End XCBuildConfiguration section */

/* Begin XCConfigurationList section */
		EDA04D56266FCBBE0065576A /* Build configuration list for PBXProject "YandexInvestiments" */ = {
			isa = XCConfigurationList;
			buildConfigurations = (
				EDA04D6D266FCBBF0065576A /* Debug */,
				EDA04D6E266FCBBF0065576A /* Release */,
			);
			defaultConfigurationIsVisible = 0;
			defaultConfigurationName = Release;
		};
		EDA04D6F266FCBBF0065576A /* Build configuration list for PBXNativeTarget "YandexInvestiments" */ = {
			isa = XCConfigurationList;
			buildConfigurations = (
				EDA04D70266FCBBF0065576A /* Debug */,
				EDA04D71266FCBBF0065576A /* Release */,
			);
			defaultConfigurationIsVisible = 0;
			defaultConfigurationName = Release;
		};
/* End XCConfigurationList section */

/* Begin XCSwiftPackageProductDependency section */
		ED8E0BF828D4AE2A003737FB /* MobileAnalyticsChartSwift */ = {
			isa = XCSwiftPackageProductDependency;
			productName = MobileAnalyticsChartSwift;
		};
/* End XCSwiftPackageProductDependency section */

/* Begin XCVersionGroup section */
		ED88C4D326B960BA0004D3D2 /* FavoriteTickets.xcdatamodeld */ = {
			isa = XCVersionGroup;
			children = (
				ED88C4D426B960BA0004D3D2 /* FavoriteTickets.xcdatamodel */,
			);
			currentVersion = ED88C4D426B960BA0004D3D2 /* FavoriteTickets.xcdatamodel */;
			path = FavoriteTickets.xcdatamodeld;
			sourceTree = "<group>";
			versionGroupType = wrapper.xcdatamodel;
		};
/* End XCVersionGroup section */
	};
	rootObject = EDA04D53266FCBBE0065576A /* Project object */;
}
